{
  "dependencyGraphHash": "4fbd3c8b83f9d51de6e10fa2982a79bbc47aa0efbb7e1ec1cb345dd53508021e",
  "graph": {
    "deps": [],
    "package": {
      "manifestHash": "e421c30919c0fd0cdf4ea0e614d8a77557f26020ef3f9dc4b8865263bd52c3b0",
      "name": "anthropic_smoke",
      "version": "0.1.0"
    }
  },
  "schemaVersion": "fozzylang.lock.v0"
}