{
  "dependencyGraphHash": "27c2e9cac20158c1c0d8dcf31e36a566b3e4f3df85bdbf2da4af76d2ee2701f1",
  "graph": {
    "deps": [],
    "package": {
      "manifestHash": "865c8618b44065daabeda072c803c1ff9a86151b0cab5f7f7013563f9609fe73",
      "name": "anthropic_smoke",
      "version": "0.1.0"
    }
  },
  "schemaVersion": "fozzylang.lock.v0"
}